
Microsoft Visual Studio Solution File, Format Version 12.00
# Visual Studio Version 16
VisualStudioVersion = 16.0.30907.101
MinimumVisualStudioVersion = 10.0.40219.1
Project("{FAE04EC0-301F-11D3-BF4B-00C04F79EFBC}") = "SE140501", "SE140501\SE140501.csproj", "{7AA187DD-C059-4D36-97A0-2CFC8847734F}"
EndProject
Global
	GlobalSection(SolutionConfigurationPlatforms) = preSolution
		Debug|Any CPU = Debug|Any CPU
		Release|Any CPU = Release|Any CPU
	EndGlobalSection
	GlobalSection(ProjectConfigurationPlatforms) = postSolution
		{7AA187DD-C059-4D36-97A0-2CFC8847734F}.Debug|Any CPU.ActiveCfg = Debug|Any CPU
		{7AA187DD-C059-4D36-97A0-2CFC8847734F}.Debug|Any CPU.Build.0 = Debug|Any CPU
		{7AA187DD-C059-4D36-97A0-2CFC8847734F}.Release|Any CPU.ActiveCfg = Release|Any CPU
		{7AA187DD-C059-4D36-97A0-2CFC8847734F}.Release|Any CPU.Build.0 = Release|Any CPU
	EndGlobalSection
	GlobalSection(SolutionProperties) = preSolution
		HideSolutionNode = FALSE
	EndGlobalSection
	GlobalSection(ExtensibilityGlobals) = postSolution
		SolutionGuid = {2D93B086-13C3-48FD-A2C2-43804FF8CE6F}
	EndGlobalSection
EndGlobal
